github.com/gogu-x/bigTree v0.2.1 h1:qYTJDWQKHHaLyU0em4zc7TK5xvcTetD6uDcwWmN1jj8=
github.com/gogu-x/bigTree v0.2.1/go.mod h1:vXEgdW5GOw6HDsJEtRjRAgkXOyk5oXTZXIq2ERFW+yA=
github.com/name5566/leaf v0.0.0-20221021105039-af71eb082cda h1:5S+9luohX8Whu/4VreRe4E0bHSSuJ4hyIGJc1nvNQzQ=
github.com/name5566/leaf v0.0.0-20221021105039-af71eb082cda/go.mod h1:JrOIxq3vDxvtuEI7Kmm2yqkuBfuT9DMLFMnCyYHLaKM=
